
Microsoft Visual Studio Solution File, Format Version 12.00
# Visual Studio Version 16
VisualStudioVersion = 16.0.31424.327
MinimumVisualStudioVersion = 10.0.40219.1
Project("{FAE04EC0-301F-11D3-BF4B-00C04F79EFBC}") = "Web_music_DATN", "Web_music_DATN.csproj", "{3ABD1C50-AEF7-416B-AD3E-00368B779E87}"
EndProject
Global
	GlobalSection(SolutionConfigurationPlatforms) = preSolution
		Debug|Any CPU = Debug|Any CPU
		Release|Any CPU = Release|Any CPU
	EndGlobalSection
	GlobalSection(ProjectConfigurationPlatforms) = postSolution
		{3ABD1C50-AEF7-416B-AD3E-00368B779E87}.Debug|Any CPU.ActiveCfg = Debug|Any CPU
		{3ABD1C50-AEF7-416B-AD3E-00368B779E87}.Debug|Any CPU.Build.0 = Debug|Any CPU
		{3ABD1C50-AEF7-416B-AD3E-00368B779E87}.Release|Any CPU.ActiveCfg = Release|Any CPU
		{3ABD1C50-AEF7-416B-AD3E-00368B779E87}.Release|Any CPU.Build.0 = Release|Any CPU
	EndGlobalSection
	GlobalSection(SolutionProperties) = preSolution
		HideSolutionNode = FALSE
	EndGlobalSection
	GlobalSection(ExtensibilityGlobals) = postSolution
		SolutionGuid = {3177BB9E-3BE7-4D28-8CC2-1C2A45CEE308}
	EndGlobalSection
EndGlobal
